
Microsoft Visual Studio Solution File, Format Version 12.00
# Visual Studio Version 16
VisualStudioVersion = 16.0.30002.166
MinimumVisualStudioVersion = 10.0.40219.1
Project("{8BC9CEB8-8B4A-11D0-8D11-00A0C91BC942}") = "LINENOISE-NG", "LINENOISE-NG.vcxproj", "{0EBC2A46-BECF-4B93-8C5F-9AD4B657C178}"
EndProject
Global
	GlobalSection(SolutionConfigurationPlatforms) = preSolution
		Debug|x64 = Debug|x64
		Release|x64 = Release|x64
	EndGlobalSection
	GlobalSection(ProjectConfigurationPlatforms) = postSolution
		{0EBC2A46-BECF-4B93-8C5F-9AD4B657C178}.Debug|x64.ActiveCfg = Debug|x64
		{0EBC2A46-BECF-4B93-8C5F-9AD4B657C178}.Debug|x64.Build.0 = Debug|x64
		{0EBC2A46-BECF-4B93-8C5F-9AD4B657C178}.Release|x64.ActiveCfg = Release|x64
		{0EBC2A46-BECF-4B93-8C5F-9AD4B657C178}.Release|x64.Build.0 = Release|x64
	EndGlobalSection
	GlobalSection(SolutionProperties) = preSolution
		HideSolutionNode = FALSE
	EndGlobalSection
	GlobalSection(ExtensibilityGlobals) = postSolution
		SolutionGuid = {E73079DC-3F74-4C7A-B3B9-83A38A4429B4}
	EndGlobalSection
EndGlobal
